
Microsoft Visual Studio Solution File, Format Version 12.00
# Visual Studio Version 17
VisualStudioVersion = 17.0.31903.59
MinimumVisualStudioVersion = 10.0.40219.1
Project("{2150E333-8FDC-42A3-9474-1A3956D46DE8}") = "Model", "Model", "{ED7A1B76-C0E5-4919-8885-1D1708845855}"
EndProject
Project("{FAE04EC0-301F-11D3-BF4B-00C04F79EFBC}") = "keras-importer", "Model\keras-importer\keras-importer.csproj", "{169493AD-BBD1-4A95-8BB8-1B974B8DA160}"
EndProject
Project("{FAE04EC0-301F-11D3-BF4B-00C04F79EFBC}") = "pytorch-importer", "Model\pytorch-importer\pytorch-importer.csproj", "{A7D51EBF-926C-43B7-9B62-710E68C075AE}"
EndProject
Project("{FAE04EC0-301F-11D3-BF4B-00C04F79EFBC}") = "OCR Engine", "Model\OCR Engine\OCR Engine.csproj", "{3A9FE240-81CC-43F1-82A3-D0596771DB64}"
EndProject
Project("{FAE04EC0-301F-11D3-BF4B-00C04F79EFBC}") = "tesseract-integrator", "Model\tesseract-integrator\tesseract-integrator.csproj", "{E10EAAC4-A0FE-4C1D-B665-B915113C0D7D}"
EndProject
Global
	GlobalSection(SolutionConfigurationPlatforms) = preSolution
		Debug|Any CPU = Debug|Any CPU
		Release|Any CPU = Release|Any CPU
	EndGlobalSection
	GlobalSection(SolutionProperties) = preSolution
		HideSolutionNode = FALSE
	EndGlobalSection
	GlobalSection(ProjectConfigurationPlatforms) = postSolution
		{169493AD-BBD1-4A95-8BB8-1B974B8DA160}.Debug|Any CPU.ActiveCfg = Debug|Any CPU
		{169493AD-BBD1-4A95-8BB8-1B974B8DA160}.Debug|Any CPU.Build.0 = Debug|Any CPU
		{169493AD-BBD1-4A95-8BB8-1B974B8DA160}.Release|Any CPU.ActiveCfg = Release|Any CPU
		{169493AD-BBD1-4A95-8BB8-1B974B8DA160}.Release|Any CPU.Build.0 = Release|Any CPU
		{A7D51EBF-926C-43B7-9B62-710E68C075AE}.Debug|Any CPU.ActiveCfg = Debug|Any CPU
		{A7D51EBF-926C-43B7-9B62-710E68C075AE}.Debug|Any CPU.Build.0 = Debug|Any CPU
		{A7D51EBF-926C-43B7-9B62-710E68C075AE}.Release|Any CPU.ActiveCfg = Release|Any CPU
		{A7D51EBF-926C-43B7-9B62-710E68C075AE}.Release|Any CPU.Build.0 = Release|Any CPU
		{3A9FE240-81CC-43F1-82A3-D0596771DB64}.Debug|Any CPU.ActiveCfg = Debug|Any CPU
		{3A9FE240-81CC-43F1-82A3-D0596771DB64}.Debug|Any CPU.Build.0 = Debug|Any CPU
		{3A9FE240-81CC-43F1-82A3-D0596771DB64}.Release|Any CPU.ActiveCfg = Release|Any CPU
		{3A9FE240-81CC-43F1-82A3-D0596771DB64}.Release|Any CPU.Build.0 = Release|Any CPU
		{E10EAAC4-A0FE-4C1D-B665-B915113C0D7D}.Debug|Any CPU.ActiveCfg = Debug|Any CPU
		{E10EAAC4-A0FE-4C1D-B665-B915113C0D7D}.Debug|Any CPU.Build.0 = Debug|Any CPU
		{E10EAAC4-A0FE-4C1D-B665-B915113C0D7D}.Release|Any CPU.ActiveCfg = Release|Any CPU
		{E10EAAC4-A0FE-4C1D-B665-B915113C0D7D}.Release|Any CPU.Build.0 = Release|Any CPU
	EndGlobalSection
	GlobalSection(NestedProjects) = preSolution
		{169493AD-BBD1-4A95-8BB8-1B974B8DA160} = {ED7A1B76-C0E5-4919-8885-1D1708845855}
		{A7D51EBF-926C-43B7-9B62-710E68C075AE} = {ED7A1B76-C0E5-4919-8885-1D1708845855}
		{3A9FE240-81CC-43F1-82A3-D0596771DB64} = {ED7A1B76-C0E5-4919-8885-1D1708845855}
		{E10EAAC4-A0FE-4C1D-B665-B915113C0D7D} = {ED7A1B76-C0E5-4919-8885-1D1708845855}
	EndGlobalSection
EndGlobal
